// !$*UTF8*$!
{
	archiveVersion = 1;
	classes = {
	};
	objectVersion = 50;
	objects = {

/* Begin PBXBuildFile section */
		F11165A92241FDFB00363541 /* RegisterViewController.swift in Sources */ = {isa = PBXBuildFile; fileRef = F11165A82241FDFB00363541 /* RegisterViewController.swift */; };
		F111D8FC2240E8ED0002378C /* AppDelegate.swift in Sources */ = {isa = PBXBuildFile; fileRef = F111D8FB2240E8ED0002378C /* AppDelegate.swift */; };
		F111D8FE2240E8ED0002378C /* ViewController.swift in Sources */ = {isa = PBXBuildFile; fileRef = F111D8FD2240E8ED0002378C /* ViewController.swift */; };
		F111D9012240E8ED0002378C /* Main.storyboard in Resources */ = {isa = PBXBuildFile; fileRef = F111D8FF2240E8ED0002378C /* Main.storyboard */; };
		F111D9032240E8EF0002378C /* Assets.xcassets in Resources */ = {isa = PBXBuildFile; fileRef = F111D9022240E8EF0002378C /* Assets.xcassets */; };
		F111D9062240E8EF0002378C /* LaunchScreen.storyboard in Resources */ = {isa = PBXBuildFile; fileRef = F111D9042240E8EF0002378C /* LaunchScreen.storyboard */; };
/* End PBXBuildFile section */

/* Begin PBXFileReference section */
		F11165A82241FDFB00363541 /* RegisterViewController.swift */ = {isa = PBXFileReference; lastKnownFileType = sourcecode.swift; path = RegisterViewController.swift; sourceTree = "<group>"; };
		F111D8F82240E8ED0002378C /* AuthevSNRU.app */ = {isa = PBXFileReference; explicitFileType = wrapper.application; includeInIndex = 0; path = AuthevSNRU.app; sourceTree = BUILT_PRODUCTS_DIR; };
		F111D8FB2240E8ED0002378C /* AppDelegate.swift */ = {isa = PBXFileReference; lastKnownFileType = sourcecode.swift; path = AppDelegate.swift; sourceTree = "<group>"; };
		F111D8FD2240E8ED0002378C /* ViewController.swift */ = {isa = PBXFileReference; lastKnownFileType = sourcecode.swift; path = ViewController.swift; sourceTree = "<group>"; };
		F111D9002240E8ED0002378C /* Base */ = {isa = PBXFileReference; lastKnownFileType = file.storyboard; name = Base; path = Base.lproj/Main.storyboard; sourceTree = "<group>"; };
		F111D9022240E8EF0002378C /* Assets.xcassets */ = {isa = PBXFileReference; lastKnownFileType = folder.assetcatalog; path = Assets.xcassets; sourceTree = "<group>"; };
		F111D9052240E8EF0002378C /* Base */ = {isa = PBXFileReference; lastKnownFileType = file.storyboard; name = Base; path = Base.lproj/LaunchScreen.storyboard; sourceTree = "<group>"; };
		F111D9072240E8EF0002378C /* Info.plist */ = {isa = PBXFileReference; lastKnownFileType = text.plist.xml; path = Info.plist; sourceTree = "<group>"; };
/* End PBXFileReference section */

/* Begin PBXFrameworksBuildPhase section */
		F111D8F52240E8ED0002378C /* Frameworks */ = {
			isa = PBXFrameworksBuildPhase;
			buildActionMask = 2147483647;
			files = (
			);
			runOnlyForDeploymentPostprocessing = 0;
		};
/* End PBXFrameworksBuildPhase section */

/* Begin PBXGroup section */
		F111D8EF2240E8ED0002378C = {
			isa = PBXGroup;
			children = (
				F111D8FA2240E8ED0002378C /* AuthevSNRU */,
				F111D8F92240E8ED0002378C /* Products */,
			);
			sourceTree = "<group>";
		};
		F111D8F92240E8ED0002378C /* Products */ = {
			isa = PBXGroup;
			children = (
				F111D8F82240E8ED0002378C /* AuthevSNRU.app */,
			);
			name = Products;
			sourceTree = "<group>";
		};
		F111D8FA2240E8ED0002378C /* AuthevSNRU */ = {
			isa = PBXGroup;
			children = (
				F111D8FB2240E8ED0002378C /* AppDelegate.swift */,
				F111D8FD2240E8ED0002378C /* ViewController.swift */,
				F11165A82241FDFB00363541 /* RegisterViewController.swift */,
				F111D8FF2240E8ED0002378C /* Main.storyboard */,
				F111D9022240E8EF0002378C /* Assets.xcassets */,
				F111D9042240E8EF0002378C /* LaunchScreen.storyboard */,
				F111D9072240E8EF0002378C /* Info.plist */,
			);
			path = AuthevSNRU;
			sourceTree = "<group>";
		};
/* End PBXGroup section */

/* Begin PBXNativeTarget section */
		F111D8F72240E8ED0002378C /* AuthevSNRU */ = {
			isa = PBXNativeTarget;
			buildConfigurationList = F111D90A2240E8EF0002378C /* Build configuration list for PBXNativeTarget "AuthevSNRU" */;
			buildPhases = (
				F111D8F42240E8ED0002378C /* Sources */,
				F111D8F52240E8ED0002378C /* Frameworks */,
				F111D8F62240E8ED0002378C /* Resources */,
			);
			buildRules = (
			);
			dependencies = (
			);
			name = AuthevSNRU;
			productName = AuthevSNRU;
			productReference = F111D8F82240E8ED0002378C /* AuthevSNRU.app */;
			productType = "com.apple.product-type.application";
		};
/* End PBXNativeTarget section */

/* Begin PBXProject section */
		F111D8F02240E8ED0002378C /* Project object */ = {
			isa = PBXProject;
			attributes = {
				LastSwiftUpdateCheck = 1010;
				LastUpgradeCheck = 1010;
				ORGANIZATIONNAME = apinya;
				TargetAttributes = {
					F111D8F72240E8ED0002378C = {
						CreatedOnToolsVersion = 10.1;
					};
				};
			};
			buildConfigurationList = F111D8F32240E8ED0002378C /* Build configuration list for PBXProject "AuthevSNRU" */;
			compatibilityVersion = "Xcode 9.3";
			developmentRegion = en;
			hasScannedForEncodings = 0;
			knownRegions = (
				en,
				Base,
			);
			mainGroup = F111D8EF2240E8ED0002378C;
			productRefGroup = F111D8F92240E8ED0002378C /* Products */;
			projectDirPath = "";
			projectRoot = "";
			targets = (
				F111D8F72240E8ED0002378C /* AuthevSNRU */,
			);
		};
/* End PBXProject section */

/* Begin PBXResourcesBuildPhase section */
		F111D8F62240E8ED0002378C /* Resources */ = {
			isa = PBXResourcesBuildPhase;
			buildActionMask = 2147483647;
			files = (
				F111D9062240E8EF0002378C /* LaunchScreen.storyboard in Resources */,
				F111D9032240E8EF0002378C /* Assets.xcassets in Resources */,
				F111D9012240E8ED0002378C /* Main.storyboard in Resources */,
			);
			runOnlyForDeploymentPostprocessing = 0;
		};
/* End PBXResourcesBuildPhase section */

/* Begin PBXSourcesBuildPhase section */
		F111D8F42240E8ED0002378C /* Sources */ = {
			isa = PBXSourcesBuildPhase;
			buildActionMask = 2147483647;
			files = (
				F11165A92241FDFB00363541 /* RegisterViewController.swift in Sources */,
				F111D8FE2240E8ED0002378C /* ViewController.swift in Sources */,
				F111D8FC2240E8ED0002378C /* AppDelegate.swift in Sources */,
			);
			runOnlyForDeploymentPostprocessing = 0;
		};
/* End PBXSourcesBuildPhase section */

/* Begin PBXVariantGroup section */
		F111D8FF2240E8ED0002378C /* Main.storyboard */ = {
			isa = PBXVariantGroup;
			children = (
				F111D9002240E8ED0002378C /* Base */,
			);
			name = Main.storyboard;
			sourceTree = "<group>";
		};
		F111D9042240E8EF0002378C /* LaunchScreen.storyboard */ = {
			isa = PBXVariantGroup;
			children = (
				F111D9052240E8EF0002378C /* Base */,
			);
			name = LaunchScreen.storyboard;
			sourceTree = "<group>";
		};
/* End PBXVariantGroup section */

/* Begin XCBuildConfiguration section */
		F111D9082240E8EF0002378C /* Debug */ = {
			isa = XCBuildConfiguration;
			buildSettings = {
				ALWAYS_SEARCH_USER_PATHS = NO;
				CLANG_ANALYZER_NONNULL = YES;
				CLANG_ANALYZER_NUMBER_OBJECT_CONVERSION = YES_AGGRESSIVE;
				CLANG_CXX_LANGUAGE_STANDARD = "gnu++14";
				CLANG_CXX_LIBRARY = "libc++";
				CLANG_ENABLE_MODULES = YES;
				CLANG_ENABLE_OBJC_ARC = YES;
				CLANG_ENABLE_OBJC_WEAK = YES;
				CLANG_WARN_BLOCK_CAPTURE_AUTORELEASING = YES;
				CLANG_WARN_BOOL_CONVERSION = YES;
				CLANG_WARN_COMMA = YES;
				CLANG_WARN_CONSTANT_CONVERSION = YES;
				CLANG_WARN_DEPRECATED_OBJC_IMPLEMENTATIONS = YES;
				CLANG_WARN_DIRECT_OBJC_ISA_USAGE = YES_ERROR;
				CLANG_WARN_DOCUMENTATION_COMMENTS = YES;
				CLANG_WARN_EMPTY_BODY = YES;
				CLANG_WARN_ENUM_CONVERSION = YES;
				CLANG_WARN_INFINITE_RECURSION = YES;
				CLANG_WARN_INT_CONVERSION = YES;
				CLANG_WARN_NON_LITERAL_NULL_CONVERSION = YES;
				CLANG_WARN_OBJC_IMPLICIT_RETAIN_SELF = YES;
				CLANG_WARN_OBJC_LITERAL_CONVERSION = YES;
				CLANG_WARN_OBJC_ROOT_CLASS = YES_ERROR;
				CLANG_WARN_RANGE_LOOP_ANALYSIS = YES;
				CLANG_WARN_STRICT_PROTOTYPES = YES;
				CLANG_WARN_SUSPICIOUS_MOVE = YES;
				CLANG_WARN_UNGUARDED_AVAILABILITY = YES_AGGRESSIVE;
				CLANG_WARN_UNREACHABLE_CODE = YES;
				CLANG_WARN__DUPLICATE_METHOD_MATCH = YES;
				CODE_SIGN_IDENTITY = "iPhone Developer";
				COPY_PHASE_STRIP = NO;
				DEBUG_INFORMATION_FORMAT = dwarf;
				ENABLE_STRICT_OBJC_MSGSEND = YES;
				ENABLE_TESTABILITY = YES;
				GCC_C_LANGUAGE_STANDARD = gnu11;
				GCC_DYNAMIC_NO_PIC = NO;
				GCC_NO_COMMON_BLOCKS = YES;
				GCC_OPTIMIZATION_LEVEL = 0;
				GCC_PREPROCESSOR_DEFINITIONS = (
					"DEBUG=1",
					"$(inherited)",
				);
				GCC_WARN_64_TO_32_BIT_CONVERSION = YES;
				GCC_WARN_ABOUT_RETURN_TYPE = YES_ERROR;
				GCC_WARN_UNDECLARED_SELECTOR = YES;
				GCC_WARN_UNINITIALIZED_AUTOS = YES_AGGRESSIVE;
				GCC_WARN_UNUSED_FUNCTION = YES;
				GCC_WARN_UNUSED_VARIABLE = YES;
				IPHONEOS_DEPLOYMENT_TARGET = 12.1;
				MTL_ENABLE_DEBUG_INFO = INCLUDE_SOURCE;
				MTL_FAST_MATH = YES;
				ONLY_ACTIVE_ARCH = YES;
				SDKROOT = iphoneos;
				SWIFT_ACTIVE_COMPILATION_CONDITIONS = DEBUG;
				SWIFT_OPTIMIZATION_LEVEL = "-Onone";
			};
			name = Debug;
		};
		F111D9092240E8EF0002378C /* Release */ = {
			isa = XCBuildConfiguration;
			buildSettings = {
				ALWAYS_SEARCH_USER_PATHS = NO;
				CLANG_ANALYZER_NONNULL = YES;
				CLANG_ANALYZER_NUMBER_OBJECT_CONVERSION = YES_AGGRESSIVE;
				CLANG_CXX_LANGUAGE_STANDARD = "gnu++14";
				CLANG_CXX_LIBRARY = "libc++";
				CLANG_ENABLE_MODULES = YES;
				CLANG_ENABLE_OBJC_ARC = YES;
				CLANG_ENABLE_OBJC_WEAK = YES;
				CLANG_WARN_BLOCK_CAPTURE_AUTORELEASING = YES;
				CLANG_WARN_BOOL_CONVERSION = YES;
				CLANG_WARN_COMMA = YES;
				CLANG_WARN_CONSTANT_CONVERSION = YES;
				CLANG_WARN_DEPRECATED_OBJC_IMPLEMENTATIONS = YES;
				CLANG_WARN_DIRECT_OBJC_ISA_USAGE = YES_ERROR;
				CLANG_WARN_DOCUMENTATION_COMMENTS = YES;
				CLANG_WARN_EMPTY_BODY = YES;
				CLANG_WARN_ENUM_CONVERSION = YES;
				CLANG_WARN_INFINITE_RECURSION = YES;
				CLANG_WARN_INT_CONVERSION = YES;
				CLANG_WARN_NON_LITERAL_NULL_CONVERSION = YES;
				CLANG_WARN_OBJC_IMPLICIT_RETAIN_SELF = YES;
				CLANG_WARN_OBJC_LITERAL_CONVERSION = YES;
				CLANG_WARN_OBJC_ROOT_CLASS = YES_ERROR;
				CLANG_WARN_RANGE_LOOP_ANALYSIS = YES;
				CLANG_WARN_STRICT_PROTOTYPES = YES;
				CLANG_WARN_SUSPICIOUS_MOVE = YES;
				CLANG_WARN_UNGUARDED_AVAILABILITY = YES_AGGRESSIVE;
				CLANG_WARN_UNREACHABLE_CODE = YES;
				CLANG_WARN__DUPLICATE_METHOD_MATCH = YES;
				CODE_SIGN_IDENTITY = "iPhone Developer";
				COPY_PHASE_STRIP = NO;
				DEBUG_INFORMATION_FORMAT = "dwarf-with-dsym";
				ENABLE_NS_ASSERTIONS = NO;
				ENABLE_STRICT_OBJC_MSGSEND = YES;
				GCC_C_LANGUAGE_STANDARD = gnu11;
				GCC_NO_COMMON_BLOCKS = YES;
				GCC_WARN_64_TO_32_BIT_CONVERSION = YES;
				GCC_WARN_ABOUT_RETURN_TYPE = YES_ERROR;
				GCC_WARN_UNDECLARED_SELECTOR = YES;
				GCC_WARN_UNINITIALIZED_AUTOS = YES_AGGRESSIVE;
				GCC_WARN_UNUSED_FUNCTION = YES;
				GCC_WARN_UNUSED_VARIABLE = YES;
				IPHONEOS_DEPLOYMENT_TARGET = 12.1;
				MTL_ENABLE_DEBUG_INFO = NO;
				MTL_FAST_MATH = YES;
				SDKROOT = iphoneos;
				SWIFT_COMPILATION_MODE = wholemodule;
				SWIFT_OPTIMIZATION_LEVEL = "-O";
				VALIDATE_PRODUCT = YES;
			};
			name = Release;
		};
		F111D90B2240E8EF0002378C /* Debug */ = {
			isa = XCBuildConfiguration;
			buildSettings = {
				ASSETCATALOG_COMPILER_APPICON_NAME = AppIcon;
				CODE_SIGN_STYLE = Automatic;
				INFOPLIST_FILE = AuthevSNRU/Info.plist;
				LD_RUNPATH_SEARCH_PATHS = (
					"$(inherited)",
					"@executable_path/Frameworks",
				);
				PRODUCT_BUNDLE_IDENTIFIER = apinya.aom.aom.suthsnru.AuthevSNRU;
				PRODUCT_NAME = "$(TARGET_NAME)";
				SWIFT_VERSION = 4.2;
				TARGETED_DEVICE_FAMILY = "1,2";
			};
			name = Debug;
		};
		F111D90C2240E8EF0002378C /* Release */ = {
			isa = XCBuildConfiguration;
			buildSettings = {
				ASSETCATALOG_COMPILER_APPICON_NAME = AppIcon;
				CODE_SIGN_STYLE = Automatic;
				INFOPLIST_FILE = AuthevSNRU/Info.plist;
				LD_RUNPATH_SEARCH_PATHS = (
					"$(inherited)",
					"@executable_path/Frameworks",
				);
				PRODUCT_BUNDLE_IDENTIFIER = apinya.aom.aom.suthsnru.AuthevSNRU;
				PRODUCT_NAME = "$(TARGET_NAME)";
				SWIFT_VERSION = 4.2;
				TARGETED_DEVICE_FAMILY = "1,2";
			};
			name = Release;
		};
/* End XCBuildConfiguration section */

/* Begin XCConfigurationList section */
		F111D8F32240E8ED0002378C /* Build configuration list for PBXProject "AuthevSNRU" */ = {
			isa = XCConfigurationList;
			buildConfigurations = (
				F111D9082240E8EF0002378C /* Debug */,
				F111D9092240E8EF0002378C /* Release */,
			);
			defaultConfigurationIsVisible = 0;
			defaultConfigurationName = Release;
		};
		F111D90A2240E8EF0002378C /* Build configuration list for PBXNativeTarget "AuthevSNRU" */ = {
			isa = XCConfigurationList;
			buildConfigurations = (
				F111D90B2240E8EF0002378C /* Debug */,
				F111D90C2240E8EF0002378C /* Release */,
			);
			defaultConfigurationIsVisible = 0;
			defaultConfigurationName = Release;
		};
/* End XCConfigurationList section */
	};
	rootObject = F111D8F02240E8ED0002378C /* Project object */;
}
